
Microsoft Visual Studio Solution File, Format Version 12.00
# Visual Studio Version 17
VisualStudioVersion = 17.9.34622.214
MinimumVisualStudioVersion = 10.0.40219.1
Project("{FAE04EC0-301F-11D3-BF4B-00C04F79EFBC}") = "TicketManagementSystem", "TicketManagementSystem\TicketManagementSystem.csproj", "{91ABEFB4-098B-40C9-99C2-08EE2DEE64FC}"
EndProject
Global
	GlobalSection(SolutionConfigurationPlatforms) = preSolution
		Debug|Any CPU = Debug|Any CPU
		Release|Any CPU = Release|Any CPU
	EndGlobalSection
	GlobalSection(ProjectConfigurationPlatforms) = postSolution
		{91ABEFB4-098B-40C9-99C2-08EE2DEE64FC}.Debug|Any CPU.ActiveCfg = Debug|Any CPU
		{91ABEFB4-098B-40C9-99C2-08EE2DEE64FC}.Debug|Any CPU.Build.0 = Debug|Any CPU
		{91ABEFB4-098B-40C9-99C2-08EE2DEE64FC}.Release|Any CPU.ActiveCfg = Release|Any CPU
		{91ABEFB4-098B-40C9-99C2-08EE2DEE64FC}.Release|Any CPU.Build.0 = Release|Any CPU
	EndGlobalSection
	GlobalSection(SolutionProperties) = preSolution
		HideSolutionNode = FALSE
	EndGlobalSection
	GlobalSection(ExtensibilityGlobals) = postSolution
		SolutionGuid = {7AF2C5D6-A132-4014-94AF-BB96B578F89C}
	EndGlobalSection
EndGlobal
